
Microsoft Visual Studio Solution File, Format Version 12.00
# Visual Studio Version 16
VisualStudioVersion = 16.0.30611.23
MinimumVisualStudioVersion = 10.0.40219.1
Project("{FAE04EC0-301F-11D3-BF4B-00C04F79EFBC}") = "Electron-StockScreener", "Electron-StockScreener\Electron-StockScreener.csproj", "{75D4F989-7796-40E8-8FED-1F4DC4183E20}"
EndProject
Global
	GlobalSection(SolutionConfigurationPlatforms) = preSolution
		Debug|Any CPU = Debug|Any CPU
		Release|Any CPU = Release|Any CPU
	EndGlobalSection
	GlobalSection(ProjectConfigurationPlatforms) = postSolution
		{75D4F989-7796-40E8-8FED-1F4DC4183E20}.Debug|Any CPU.ActiveCfg = Debug|Any CPU
		{75D4F989-7796-40E8-8FED-1F4DC4183E20}.Debug|Any CPU.Build.0 = Debug|Any CPU
		{75D4F989-7796-40E8-8FED-1F4DC4183E20}.Release|Any CPU.ActiveCfg = Release|Any CPU
		{75D4F989-7796-40E8-8FED-1F4DC4183E20}.Release|Any CPU.Build.0 = Release|Any CPU
	EndGlobalSection
	GlobalSection(SolutionProperties) = preSolution
		HideSolutionNode = FALSE
	EndGlobalSection
	GlobalSection(ExtensibilityGlobals) = postSolution
		SolutionGuid = {1BE64129-5ADF-4B0F-88E4-F03F2E90DE2C}
	EndGlobalSection
EndGlobal
